
Microsoft Visual Studio Solution File, Format Version 12.00
# Visual Studio Version 17
VisualStudioVersion = 17.6.33723.286
MinimumVisualStudioVersion = 10.0.40219.1
Project("{FAE04EC0-301F-11D3-BF4B-00C04F79EFBC}") = "ECommorce.WebUI", "ECommorce.WebUI\ECommorce.WebUI.csproj", "{AAAA8B23-198A-46A7-A86A-A72336CE1526}"
EndProject
Project("{FAE04EC0-301F-11D3-BF4B-00C04F79EFBC}") = "ECommerce.Business", "ECommerce.Business\ECommerce.Business.csproj", "{031743BE-8CF7-4777-AFEC-455FC926919C}"
EndProject
Project("{FAE04EC0-301F-11D3-BF4B-00C04F79EFBC}") = "ECommerce.Core", "ECommerce.Core\ECommerce.Core.csproj", "{308FA045-1E16-4E1A-BFD0-B03FD3E887F9}"
EndProject
Project("{FAE04EC0-301F-11D3-BF4B-00C04F79EFBC}") = "ECommerce.DataAccess", "ECommerce.DataAccess\ECommerce.DataAccess.csproj", "{FEBBB72D-679D-47C7-A335-F403548C3397}"
EndProject
Project("{FAE04EC0-301F-11D3-BF4B-00C04F79EFBC}") = "ECommerce.Entities", "ECommerce.Entities\ECommerce.Entities.csproj", "{5CDEA527-326D-4834-AE06-74F7D44DC655}"
EndProject
Global
	GlobalSection(SolutionConfigurationPlatforms) = preSolution
		Debug|Any CPU = Debug|Any CPU
		Release|Any CPU = Release|Any CPU
	EndGlobalSection
	GlobalSection(ProjectConfigurationPlatforms) = postSolution
		{AAAA8B23-198A-46A7-A86A-A72336CE1526}.Debug|Any CPU.ActiveCfg = Debug|Any CPU
		{AAAA8B23-198A-46A7-A86A-A72336CE1526}.Debug|Any CPU.Build.0 = Debug|Any CPU
		{AAAA8B23-198A-46A7-A86A-A72336CE1526}.Release|Any CPU.ActiveCfg = Release|Any CPU
		{AAAA8B23-198A-46A7-A86A-A72336CE1526}.Release|Any CPU.Build.0 = Release|Any CPU
		{031743BE-8CF7-4777-AFEC-455FC926919C}.Debug|Any CPU.ActiveCfg = Debug|Any CPU
		{031743BE-8CF7-4777-AFEC-455FC926919C}.Debug|Any CPU.Build.0 = Debug|Any CPU
		{031743BE-8CF7-4777-AFEC-455FC926919C}.Release|Any CPU.ActiveCfg = Release|Any CPU
		{031743BE-8CF7-4777-AFEC-455FC926919C}.Release|Any CPU.Build.0 = Release|Any CPU
		{308FA045-1E16-4E1A-BFD0-B03FD3E887F9}.Debug|Any CPU.ActiveCfg = Debug|Any CPU
		{308FA045-1E16-4E1A-BFD0-B03FD3E887F9}.Debug|Any CPU.Build.0 = Debug|Any CPU
		{308FA045-1E16-4E1A-BFD0-B03FD3E887F9}.Release|Any CPU.ActiveCfg = Release|Any CPU
		{308FA045-1E16-4E1A-BFD0-B03FD3E887F9}.Release|Any CPU.Build.0 = Release|Any CPU
		{FEBBB72D-679D-47C7-A335-F403548C3397}.Debug|Any CPU.ActiveCfg = Debug|Any CPU
		{FEBBB72D-679D-47C7-A335-F403548C3397}.Debug|Any CPU.Build.0 = Debug|Any CPU
		{FEBBB72D-679D-47C7-A335-F403548C3397}.Release|Any CPU.ActiveCfg = Release|Any CPU
		{FEBBB72D-679D-47C7-A335-F403548C3397}.Release|Any CPU.Build.0 = Release|Any CPU
		{5CDEA527-326D-4834-AE06-74F7D44DC655}.Debug|Any CPU.ActiveCfg = Debug|Any CPU
		{5CDEA527-326D-4834-AE06-74F7D44DC655}.Debug|Any CPU.Build.0 = Debug|Any CPU
		{5CDEA527-326D-4834-AE06-74F7D44DC655}.Release|Any CPU.ActiveCfg = Release|Any CPU
		{5CDEA527-326D-4834-AE06-74F7D44DC655}.Release|Any CPU.Build.0 = Release|Any CPU
	EndGlobalSection
	GlobalSection(SolutionProperties) = preSolution
		HideSolutionNode = FALSE
	EndGlobalSection
	GlobalSection(ExtensibilityGlobals) = postSolution
		SolutionGuid = {29C28227-08B0-497C-A420-76CE0A5448EA}
	EndGlobalSection
EndGlobal
